
Microsoft Visual Studio Solution File, Format Version 12.00
# Visual Studio 14
VisualStudioVersion = 14.0.25420.1
MinimumVisualStudioVersion = 10.0.40219.1
Project("{FAE04EC0-301F-11D3-BF4B-00C04F79EFBC}") = "XwDiskSpace", "XwDiskSpace\XwDiskSpace.csproj", "{FB3D9EDC-D8E1-4466-A131-E07B0C7705C8}"
EndProject
Global
	GlobalSection(SolutionConfigurationPlatforms) = preSolution
		Debug|Any CPU = Debug|Any CPU
		Release|Any CPU = Release|Any CPU
	EndGlobalSection
	GlobalSection(ProjectConfigurationPlatforms) = postSolution
		{FB3D9EDC-D8E1-4466-A131-E07B0C7705C8}.Debug|Any CPU.ActiveCfg = Debug|Any CPU
		{FB3D9EDC-D8E1-4466-A131-E07B0C7705C8}.Debug|Any CPU.Build.0 = Debug|Any CPU
		{FB3D9EDC-D8E1-4466-A131-E07B0C7705C8}.Release|Any CPU.ActiveCfg = Release|Any CPU
		{FB3D9EDC-D8E1-4466-A131-E07B0C7705C8}.Release|Any CPU.Build.0 = Release|Any CPU
	EndGlobalSection
	GlobalSection(SolutionProperties) = preSolution
		HideSolutionNode = FALSE
	EndGlobalSection
EndGlobal
